
Microsoft Visual Studio Solution File, Format Version 12.00
# Visual Studio 15
VisualStudioVersion = 15.0.27130.2010
MinimumVisualStudioVersion = 10.0.40219.1
Project("{9A19103F-16F7-4668-BE54-9A1E7A4F7556}") = "FeedgreAPI", "Feedgre\FeedgreAPI.csproj", "{FDC45AF9-50A8-4B85-94D2-D7F9FACD6B29}"
EndProject
Project("{9A19103F-16F7-4668-BE54-9A1E7A4F7556}") = "FeedgreAPITests", "FeedgreAPITests\FeedgreAPITests.csproj", "{ED33529A-E134-419F-BAA3-C558C4057BFE}"
EndProject
Project("{9A19103F-16F7-4668-BE54-9A1E7A4F7556}") = "FeedgreConsoleApp", "FeedgreConsoleApp\FeedgreConsoleApp.csproj", "{FABCF814-FB19-4D7F-A6B1-694A34A135B8}"
EndProject
Global
	GlobalSection(SolutionConfigurationPlatforms) = preSolution
		Debug|Any CPU = Debug|Any CPU
		Release|Any CPU = Release|Any CPU
	EndGlobalSection
	GlobalSection(ProjectConfigurationPlatforms) = postSolution
		{FDC45AF9-50A8-4B85-94D2-D7F9FACD6B29}.Debug|Any CPU.ActiveCfg = Debug|Any CPU
		{FDC45AF9-50A8-4B85-94D2-D7F9FACD6B29}.Debug|Any CPU.Build.0 = Debug|Any CPU
		{FDC45AF9-50A8-4B85-94D2-D7F9FACD6B29}.Release|Any CPU.ActiveCfg = Release|Any CPU
		{FDC45AF9-50A8-4B85-94D2-D7F9FACD6B29}.Release|Any CPU.Build.0 = Release|Any CPU
		{ED33529A-E134-419F-BAA3-C558C4057BFE}.Debug|Any CPU.ActiveCfg = Debug|Any CPU
		{ED33529A-E134-419F-BAA3-C558C4057BFE}.Debug|Any CPU.Build.0 = Debug|Any CPU
		{ED33529A-E134-419F-BAA3-C558C4057BFE}.Release|Any CPU.ActiveCfg = Release|Any CPU
		{ED33529A-E134-419F-BAA3-C558C4057BFE}.Release|Any CPU.Build.0 = Release|Any CPU
		{FABCF814-FB19-4D7F-A6B1-694A34A135B8}.Debug|Any CPU.ActiveCfg = Debug|Any CPU
		{FABCF814-FB19-4D7F-A6B1-694A34A135B8}.Debug|Any CPU.Build.0 = Debug|Any CPU
		{FABCF814-FB19-4D7F-A6B1-694A34A135B8}.Release|Any CPU.ActiveCfg = Release|Any CPU
		{FABCF814-FB19-4D7F-A6B1-694A34A135B8}.Release|Any CPU.Build.0 = Release|Any CPU
	EndGlobalSection
	GlobalSection(SolutionProperties) = preSolution
		HideSolutionNode = FALSE
	EndGlobalSection
	GlobalSection(ExtensibilityGlobals) = postSolution
		SolutionGuid = {8703DF1E-910D-45DC-B6DA-57EFB99051DB}
	EndGlobalSection
EndGlobal
